
Microsoft Visual Studio Solution File, Format Version 12.00
Project("{FAE04EC0-301F-11D3-BF4B-00C04F79EFBC}") = "App", "App\App.csproj", "{434558C4-CF0E-4F0E-A41C-58238C2F2221}"
EndProject
Project("{2150E333-8FDC-42A3-9474-1A3956D46DE8}") = "src", "src", "{88E12C72-C74A-4575-A606-AEA06CDF27AB}"
EndProject
Project("{FAE04EC0-301F-11D3-BF4B-00C04F79EFBC}") = "Test", "Test\Test.csproj", "{66652EEB-06D9-497C-9B90-7E65431241CC}"
EndProject
Project("{2150E333-8FDC-42A3-9474-1A3956D46DE8}") = "test", "test", "{7A4B8162-9C1A-455C-AE72-A9B8825D8620}"
EndProject
Global
	GlobalSection(SolutionConfigurationPlatforms) = preSolution
		Debug|Any CPU = Debug|Any CPU
		Release|Any CPU = Release|Any CPU
	EndGlobalSection
	GlobalSection(ProjectConfigurationPlatforms) = postSolution
		{434558C4-CF0E-4F0E-A41C-58238C2F2221}.Debug|Any CPU.ActiveCfg = Debug|Any CPU
		{434558C4-CF0E-4F0E-A41C-58238C2F2221}.Debug|Any CPU.Build.0 = Debug|Any CPU
		{434558C4-CF0E-4F0E-A41C-58238C2F2221}.Release|Any CPU.ActiveCfg = Release|Any CPU
		{434558C4-CF0E-4F0E-A41C-58238C2F2221}.Release|Any CPU.Build.0 = Release|Any CPU
		{66652EEB-06D9-497C-9B90-7E65431241CC}.Debug|Any CPU.ActiveCfg = Debug|Any CPU
		{66652EEB-06D9-497C-9B90-7E65431241CC}.Debug|Any CPU.Build.0 = Debug|Any CPU
		{66652EEB-06D9-497C-9B90-7E65431241CC}.Release|Any CPU.ActiveCfg = Release|Any CPU
		{66652EEB-06D9-497C-9B90-7E65431241CC}.Release|Any CPU.Build.0 = Release|Any CPU
	EndGlobalSection
	GlobalSection(NestedProjects) = preSolution
		{434558C4-CF0E-4F0E-A41C-58238C2F2221} = {88E12C72-C74A-4575-A606-AEA06CDF27AB}
		{66652EEB-06D9-497C-9B90-7E65431241CC} = {7A4B8162-9C1A-455C-AE72-A9B8825D8620}
	EndGlobalSection
EndGlobal
