
Microsoft Visual Studio Solution File, Format Version 12.00
Project("{FAE04EC0-301F-11D3-BF4B-00C04F79EFBC}") = "src", "src\src.csproj", "{B35662AC-7179-4D66-93FB-A3B471D6EF28}"
EndProject
Project("{FAE04EC0-301F-11D3-BF4B-00C04F79EFBC}") = "test", "test\test.csproj", "{3B49C40D-1545-4D3B-9C0B-6258363C23C5}"
EndProject
Global
	GlobalSection(SolutionConfigurationPlatforms) = preSolution
		Debug|Any CPU = Debug|Any CPU
		Release|Any CPU = Release|Any CPU
	EndGlobalSection
	GlobalSection(ProjectConfigurationPlatforms) = postSolution
		{B35662AC-7179-4D66-93FB-A3B471D6EF28}.Debug|Any CPU.ActiveCfg = Debug|Any CPU
		{B35662AC-7179-4D66-93FB-A3B471D6EF28}.Debug|Any CPU.Build.0 = Debug|Any CPU
		{B35662AC-7179-4D66-93FB-A3B471D6EF28}.Release|Any CPU.ActiveCfg = Release|Any CPU
		{B35662AC-7179-4D66-93FB-A3B471D6EF28}.Release|Any CPU.Build.0 = Release|Any CPU
		{3B49C40D-1545-4D3B-9C0B-6258363C23C5}.Debug|Any CPU.ActiveCfg = Debug|Any CPU
		{3B49C40D-1545-4D3B-9C0B-6258363C23C5}.Debug|Any CPU.Build.0 = Debug|Any CPU
		{3B49C40D-1545-4D3B-9C0B-6258363C23C5}.Release|Any CPU.ActiveCfg = Release|Any CPU
		{3B49C40D-1545-4D3B-9C0B-6258363C23C5}.Release|Any CPU.Build.0 = Release|Any CPU
	EndGlobalSection
EndGlobal
